
Microsoft Visual Studio Solution File, Format Version 12.00
# Visual Studio Version 17
VisualStudioVersion = 17.12.35527.113
MinimumVisualStudioVersion = 10.0.40219.1
Project("{FAE04EC0-301F-11D3-BF4B-00C04F79EFBC}") = "ModularMonolithArchitectureExample.Api", "ModularMonolithArchitectureExample.Api\ModularMonolithArchitectureExample.Api.csproj", "{41012041-3258-4B49-8E22-70432BD7C6C2}"
EndProject
Project("{2150E333-8FDC-42A3-9474-1A3956D46DE8}") = "Modules", "Modules", "{866B795F-DB37-4288-8D28-94B8371F907E}"
EndProject
Project("{2150E333-8FDC-42A3-9474-1A3956D46DE8}") = "ProductModule", "ProductModule", "{EBB589A5-775F-4094-8CF2-C55D9CB72411}"
EndProject
Project("{FAE04EC0-301F-11D3-BF4B-00C04F79EFBC}") = "ProductModule.Api", "ProductModule.Api\ProductModule.Api.csproj", "{E6D7D801-003F-4D42-953F-EDBEBB3EC664}"
EndProject
Project("{FAE04EC0-301F-11D3-BF4B-00C04F79EFBC}") = "ProductModule.Application", "ProductModule.Application\ProductModule.Application.csproj", "{70D24061-89E3-418E-9497-B842664F1644}"
EndProject
Project("{FAE04EC0-301F-11D3-BF4B-00C04F79EFBC}") = "ProductModule.Domain", "ProductModule.Domain\ProductModule.Domain.csproj", "{FA9A693F-6DF4-40AA-BA34-0DE4341EE777}"
EndProject
Project("{2150E333-8FDC-42A3-9474-1A3956D46DE8}") = "OrderModule", "OrderModule", "{0F18D11A-2DCD-41F7-B367-82CE4B08BC48}"
EndProject
Project("{FAE04EC0-301F-11D3-BF4B-00C04F79EFBC}") = "OrderModule.Api", "OrderModule.Api\OrderModule.Api.csproj", "{42C669D6-707D-44DD-94D9-008DB32950FC}"
EndProject
Project("{FAE04EC0-301F-11D3-BF4B-00C04F79EFBC}") = "OrderModule.Application", "OrderModule.Application\OrderModule.Application.csproj", "{FD857C00-6A1B-41A7-A50F-69FBD8999C98}"
EndProject
Project("{FAE04EC0-301F-11D3-BF4B-00C04F79EFBC}") = "OrderModule.Domain", "OrderModule.Domain\OrderModule.Domain.csproj", "{56C0FD7A-84C4-4B4A-819D-FD95B1DF8184}"
EndProject
Global
	GlobalSection(SolutionConfigurationPlatforms) = preSolution
		Debug|Any CPU = Debug|Any CPU
		Release|Any CPU = Release|Any CPU
	EndGlobalSection
	GlobalSection(ProjectConfigurationPlatforms) = postSolution
		{41012041-3258-4B49-8E22-70432BD7C6C2}.Debug|Any CPU.ActiveCfg = Debug|Any CPU
		{41012041-3258-4B49-8E22-70432BD7C6C2}.Debug|Any CPU.Build.0 = Debug|Any CPU
		{41012041-3258-4B49-8E22-70432BD7C6C2}.Release|Any CPU.ActiveCfg = Release|Any CPU
		{41012041-3258-4B49-8E22-70432BD7C6C2}.Release|Any CPU.Build.0 = Release|Any CPU
		{E6D7D801-003F-4D42-953F-EDBEBB3EC664}.Debug|Any CPU.ActiveCfg = Debug|Any CPU
		{E6D7D801-003F-4D42-953F-EDBEBB3EC664}.Debug|Any CPU.Build.0 = Debug|Any CPU
		{E6D7D801-003F-4D42-953F-EDBEBB3EC664}.Release|Any CPU.ActiveCfg = Release|Any CPU
		{E6D7D801-003F-4D42-953F-EDBEBB3EC664}.Release|Any CPU.Build.0 = Release|Any CPU
		{70D24061-89E3-418E-9497-B842664F1644}.Debug|Any CPU.ActiveCfg = Debug|Any CPU
		{70D24061-89E3-418E-9497-B842664F1644}.Debug|Any CPU.Build.0 = Debug|Any CPU
		{70D24061-89E3-418E-9497-B842664F1644}.Release|Any CPU.ActiveCfg = Release|Any CPU
		{70D24061-89E3-418E-9497-B842664F1644}.Release|Any CPU.Build.0 = Release|Any CPU
		{FA9A693F-6DF4-40AA-BA34-0DE4341EE777}.Debug|Any CPU.ActiveCfg = Debug|Any CPU
		{FA9A693F-6DF4-40AA-BA34-0DE4341EE777}.Debug|Any CPU.Build.0 = Debug|Any CPU
		{FA9A693F-6DF4-40AA-BA34-0DE4341EE777}.Release|Any CPU.ActiveCfg = Release|Any CPU
		{FA9A693F-6DF4-40AA-BA34-0DE4341EE777}.Release|Any CPU.Build.0 = Release|Any CPU
		{42C669D6-707D-44DD-94D9-008DB32950FC}.Debug|Any CPU.ActiveCfg = Debug|Any CPU
		{42C669D6-707D-44DD-94D9-008DB32950FC}.Debug|Any CPU.Build.0 = Debug|Any CPU
		{42C669D6-707D-44DD-94D9-008DB32950FC}.Release|Any CPU.ActiveCfg = Release|Any CPU
		{42C669D6-707D-44DD-94D9-008DB32950FC}.Release|Any CPU.Build.0 = Release|Any CPU
		{FD857C00-6A1B-41A7-A50F-69FBD8999C98}.Debug|Any CPU.ActiveCfg = Debug|Any CPU
		{FD857C00-6A1B-41A7-A50F-69FBD8999C98}.Debug|Any CPU.Build.0 = Debug|Any CPU
		{FD857C00-6A1B-41A7-A50F-69FBD8999C98}.Release|Any CPU.ActiveCfg = Release|Any CPU
		{FD857C00-6A1B-41A7-A50F-69FBD8999C98}.Release|Any CPU.Build.0 = Release|Any CPU
		{56C0FD7A-84C4-4B4A-819D-FD95B1DF8184}.Debug|Any CPU.ActiveCfg = Debug|Any CPU
		{56C0FD7A-84C4-4B4A-819D-FD95B1DF8184}.Debug|Any CPU.Build.0 = Debug|Any CPU
		{56C0FD7A-84C4-4B4A-819D-FD95B1DF8184}.Release|Any CPU.ActiveCfg = Release|Any CPU
		{56C0FD7A-84C4-4B4A-819D-FD95B1DF8184}.Release|Any CPU.Build.0 = Release|Any CPU
	EndGlobalSection
	GlobalSection(SolutionProperties) = preSolution
		HideSolutionNode = FALSE
	EndGlobalSection
	GlobalSection(NestedProjects) = preSolution
		{EBB589A5-775F-4094-8CF2-C55D9CB72411} = {866B795F-DB37-4288-8D28-94B8371F907E}
		{E6D7D801-003F-4D42-953F-EDBEBB3EC664} = {EBB589A5-775F-4094-8CF2-C55D9CB72411}
		{70D24061-89E3-418E-9497-B842664F1644} = {EBB589A5-775F-4094-8CF2-C55D9CB72411}
		{FA9A693F-6DF4-40AA-BA34-0DE4341EE777} = {EBB589A5-775F-4094-8CF2-C55D9CB72411}
		{0F18D11A-2DCD-41F7-B367-82CE4B08BC48} = {866B795F-DB37-4288-8D28-94B8371F907E}
		{42C669D6-707D-44DD-94D9-008DB32950FC} = {0F18D11A-2DCD-41F7-B367-82CE4B08BC48}
		{FD857C00-6A1B-41A7-A50F-69FBD8999C98} = {0F18D11A-2DCD-41F7-B367-82CE4B08BC48}
		{56C0FD7A-84C4-4B4A-819D-FD95B1DF8184} = {0F18D11A-2DCD-41F7-B367-82CE4B08BC48}
	EndGlobalSection
EndGlobal
